
Microsoft Visual Studio Solution File, Format Version 12.00
# Visual Studio Version 17
VisualStudioVersion = 17.11.35222.181
MinimumVisualStudioVersion = 10.0.40219.1
Project("{FAE04EC0-301F-11D3-BF4B-00C04F79EFBC}") = "WindowsFormsApp12", "WindowsFormsApp12.csproj", "{FAD2515E-4F7C-4A2F-AB1A-B77C4390933D}"
EndProject
Global
	GlobalSection(SolutionConfigurationPlatforms) = preSolution
		Debug|Any CPU = Debug|Any CPU
		Release|Any CPU = Release|Any CPU
	EndGlobalSection
	GlobalSection(ProjectConfigurationPlatforms) = postSolution
		{FAD2515E-4F7C-4A2F-AB1A-B77C4390933D}.Debug|Any CPU.ActiveCfg = Debug|Any CPU
		{FAD2515E-4F7C-4A2F-AB1A-B77C4390933D}.Debug|Any CPU.Build.0 = Debug|Any CPU
		{FAD2515E-4F7C-4A2F-AB1A-B77C4390933D}.Release|Any CPU.ActiveCfg = Release|Any CPU
		{FAD2515E-4F7C-4A2F-AB1A-B77C4390933D}.Release|Any CPU.Build.0 = Release|Any CPU
	EndGlobalSection
	GlobalSection(SolutionProperties) = preSolution
		HideSolutionNode = FALSE
	EndGlobalSection
	GlobalSection(ExtensibilityGlobals) = postSolution
		SolutionGuid = {3FA3919E-07D7-40A5-A338-ACFF56196214}
	EndGlobalSection
EndGlobal
